{
  "name": "@danarthurgallagher/customary",
  "version": "1.0.0",
  "lockfileVersion": 1,
  "requires": true,
  "dependencies": {
    "@danarthurgallagher/rely-on": {
      "version": "1.0.0",
      "resolved": "https://registry.npmjs.org/@danarthurgallagher/rely-on/-/rely-on-1.0.0.tgz",
      "integrity": "sha512-935FGXzdfp5X0oW1fYVsJtv2xl1od6OftTSCe6ldlPgI9gM4Tl0CV5IdhQRYxA4uX7hjhjMWOfafla76jcwO1Q=="
    },
    "typescript": {
      "version": "2.8.3",
      "resolved": "https://registry.npmjs.org/typescript/-/typescript-2.8.3.tgz",
      "integrity": "sha512-K7g15Bb6Ra4lKf7Iq2l/I5/En+hLIHmxWZGq3D4DIRNFxMNV6j2SHSvDOqs2tGd4UvD/fJvrwopzQXjLrT7Itw==",
      "dev": true
    }
  }
}
